
Microsoft Visual Studio Solution File, Format Version 12.00
# Visual Studio 15
VisualStudioVersion = 15.0.27004.2002
MinimumVisualStudioVersion = 10.0.40219.1
Project("{FAE04EC0-301F-11D3-BF4B-00C04F79EFBC}") = "01. -03.Inheritance", "01. Single Inheritance\01. -03.Inheritance.csproj", "{EE247791-28E8-4E82-AE00-1FCA30D0E439}"
EndProject
Project("{FAE04EC0-301F-11D3-BF4B-00C04F79EFBC}") = "04. Random List", "04. Random List\04. Random List.csproj", "{76F20451-4EC4-46B3-AE06-9AB494580898}"
EndProject
Global
	GlobalSection(SolutionConfigurationPlatforms) = preSolution
		Debug|Any CPU = Debug|Any CPU
		Release|Any CPU = Release|Any CPU
	EndGlobalSection
	GlobalSection(ProjectConfigurationPlatforms) = postSolution
		{EE247791-28E8-4E82-AE00-1FCA30D0E439}.Debug|Any CPU.ActiveCfg = Debug|Any CPU
		{EE247791-28E8-4E82-AE00-1FCA30D0E439}.Debug|Any CPU.Build.0 = Debug|Any CPU
		{EE247791-28E8-4E82-AE00-1FCA30D0E439}.Release|Any CPU.ActiveCfg = Release|Any CPU
		{EE247791-28E8-4E82-AE00-1FCA30D0E439}.Release|Any CPU.Build.0 = Release|Any CPU
		{76F20451-4EC4-46B3-AE06-9AB494580898}.Debug|Any CPU.ActiveCfg = Debug|Any CPU
		{76F20451-4EC4-46B3-AE06-9AB494580898}.Debug|Any CPU.Build.0 = Debug|Any CPU
		{76F20451-4EC4-46B3-AE06-9AB494580898}.Release|Any CPU.ActiveCfg = Release|Any CPU
		{76F20451-4EC4-46B3-AE06-9AB494580898}.Release|Any CPU.Build.0 = Release|Any CPU
	EndGlobalSection
	GlobalSection(SolutionProperties) = preSolution
		HideSolutionNode = FALSE
	EndGlobalSection
	GlobalSection(ExtensibilityGlobals) = postSolution
		SolutionGuid = {A312C4FD-0DB3-4535-9EE3-52E4E1971253}
	EndGlobalSection
EndGlobal
